%{"faker": {:hex, :faker, "0.7.0", "2c42deeac7be717173c78c77fb3edc749fb5d5e460e33d01fe592ae99acc2f0d", [:mix], []},
  "flow": {:hex, :flow, "0.11.0", "6ca9a05f33e3df10bc2ab847ad470523d3a01673456049a60110467d2f31bd58", [:mix], [{:gen_stage, "~> 0.11.0", [hex: :gen_stage, optional: false]}]},
  "gen_stage": {:hex, :gen_stage, "0.11.0", "943bdfa85c75fa624e0a36a9d135baad20a523be040178f5a215444b45c66ea4", [:mix], []}}
